{
  "originHash" : "4a2a79f0c009a89f1941bc777f2eb5094d5e11fdd5a093e90cdd2242b3932030",
  "pins" : [
    {
      "identity" : "keychainaccess",
      "kind" : "remoteSourceControl",
      "location" : "https://github.com/kishikawakatsumi/KeychainAccess.git",
      "state" : {
        "revision" : "84e546727d66f1adc5439debad16270d0fdd04e7",
        "version" : "4.2.2"
      }
    },
    {
      "identity" : "menubarextraaccess",
      "kind" : "remoteSourceControl",
      "location" : "https://github.com/orchetect/MenuBarExtraAccess.git",
      "state" : {
        "revision" : "707dff6f55217b3ef5b6be84ced3e83511d4df5c",
        "version" : "1.2.2"
      }
    },
    {
      "identity" : "settingsaccess",
      "kind" : "remoteSourceControl",
      "location" : "https://github.com/orchetect/SettingsAccess.git",
      "state" : {
        "revision" : "08e80c35501f273afa2f5d6f737429bbe395ff81",
        "version" : "2.1.0"
      }
    },
    {
      "identity" : "swift-lemon-squeezy-license",
      "kind" : "remoteSourceControl",
      "location" : "https://github.com/kevinhermawan/swift-lemon-squeezy-license.git",
      "state" : {
        "revision" : "fbdecdcbf5056a1d3c786441a2ad5af3e2e633d5",
        "version" : "1.0.1"
      }
    }
  ],
  "version" : 3
}
